
Microsoft Visual Studio Solution File, Format Version 12.00
# Visual Studio Version 17
VisualStudioVersion = 17.8.34316.72
MinimumVisualStudioVersion = 10.0.40219.1
Project("{9A19103F-16F7-4668-BE54-9A1E7A4F7556}") = "APIService", "APIService\APIService.csproj", "{CE6ADE6B-1DC8-464E-8B97-9A7F47EEA6D7}"
EndProject
Project("{FAE04EC0-301F-11D3-BF4B-00C04F79EFBC}") = "APIService.BL", "APIService.BL\APIService.BL.csproj", "{EAA21A76-3A78-4FE7-ADC0-54887D8A131F}"
EndProject
Global
	GlobalSection(SolutionConfigurationPlatforms) = preSolution
		Debug|Any CPU = Debug|Any CPU
		Release|Any CPU = Release|Any CPU
	EndGlobalSection
	GlobalSection(ProjectConfigurationPlatforms) = postSolution
		{CE6ADE6B-1DC8-464E-8B97-9A7F47EEA6D7}.Debug|Any CPU.ActiveCfg = Debug|Any CPU
		{CE6ADE6B-1DC8-464E-8B97-9A7F47EEA6D7}.Debug|Any CPU.Build.0 = Debug|Any CPU
		{CE6ADE6B-1DC8-464E-8B97-9A7F47EEA6D7}.Release|Any CPU.ActiveCfg = Release|Any CPU
		{CE6ADE6B-1DC8-464E-8B97-9A7F47EEA6D7}.Release|Any CPU.Build.0 = Release|Any CPU
		{EAA21A76-3A78-4FE7-ADC0-54887D8A131F}.Debug|Any CPU.ActiveCfg = Debug|Any CPU
		{EAA21A76-3A78-4FE7-ADC0-54887D8A131F}.Debug|Any CPU.Build.0 = Debug|Any CPU
		{EAA21A76-3A78-4FE7-ADC0-54887D8A131F}.Release|Any CPU.ActiveCfg = Release|Any CPU
		{EAA21A76-3A78-4FE7-ADC0-54887D8A131F}.Release|Any CPU.Build.0 = Release|Any CPU
	EndGlobalSection
	GlobalSection(SolutionProperties) = preSolution
		HideSolutionNode = FALSE
	EndGlobalSection
	GlobalSection(ExtensibilityGlobals) = postSolution
		SolutionGuid = {857845F1-CC73-46C2-AB61-1215B2B341B6}
	EndGlobalSection
EndGlobal
